
Microsoft Visual Studio Solution File, Format Version 12.00
# Visual Studio Version 16
VisualStudioVersion = 16.0.29920.165
MinimumVisualStudioVersion = 10.0.40219.1
Project("{FAE04EC0-301F-11D3-BF4B-00C04F79EFBC}") = "Beginner2", "Beginner2\Beginner2.csproj", "{F077D682-9DE4-4E86-93C8-907DEAD01198}"
EndProject
Global
	GlobalSection(SolutionConfigurationPlatforms) = preSolution
		Debug|Any CPU = Debug|Any CPU
		Release|Any CPU = Release|Any CPU
	EndGlobalSection
	GlobalSection(ProjectConfigurationPlatforms) = postSolution
		{F077D682-9DE4-4E86-93C8-907DEAD01198}.Debug|Any CPU.ActiveCfg = Debug|Any CPU
		{F077D682-9DE4-4E86-93C8-907DEAD01198}.Debug|Any CPU.Build.0 = Debug|Any CPU
		{F077D682-9DE4-4E86-93C8-907DEAD01198}.Release|Any CPU.ActiveCfg = Release|Any CPU
		{F077D682-9DE4-4E86-93C8-907DEAD01198}.Release|Any CPU.Build.0 = Release|Any CPU
	EndGlobalSection
	GlobalSection(SolutionProperties) = preSolution
		HideSolutionNode = FALSE
	EndGlobalSection
	GlobalSection(ExtensibilityGlobals) = postSolution
		SolutionGuid = {013EF36F-D473-48F0-985A-171BF9B9394B}
	EndGlobalSection
EndGlobal
